
Microsoft Visual Studio Solution File, Format Version 12.00
# Visual Studio Version 16
VisualStudioVersion = 16.0.29503.13
MinimumVisualStudioVersion = 10.0.40219.1
Project("{FAE04EC0-301F-11D3-BF4B-00C04F79EFBC}") = "dishwasher-01", "dishwasher\dishwasher-01.csproj", "{C93CCEBE-281C-4BB1-A53E-5D6E0FEDCED6}"
EndProject
Project("{FAE04EC0-301F-11D3-BF4B-00C04F79EFBC}") = "reportSystem-02", "reportSystem-02\reportSystem-02.csproj", "{8BFDA654-2F20-4A41-8B9A-03018D1838BC}"
EndProject
Project("{FAE04EC0-301F-11D3-BF4B-00C04F79EFBC}") = "streamOfLetters", "streamOfLetters\streamOfLetters.csproj", "{D96F39A5-478D-474A-8BD6-981B2031966B}"
EndProject
Global
	GlobalSection(SolutionConfigurationPlatforms) = preSolution
		Debug|Any CPU = Debug|Any CPU
		Release|Any CPU = Release|Any CPU
	EndGlobalSection
	GlobalSection(ProjectConfigurationPlatforms) = postSolution
		{C93CCEBE-281C-4BB1-A53E-5D6E0FEDCED6}.Debug|Any CPU.ActiveCfg = Debug|Any CPU
		{C93CCEBE-281C-4BB1-A53E-5D6E0FEDCED6}.Debug|Any CPU.Build.0 = Debug|Any CPU
		{C93CCEBE-281C-4BB1-A53E-5D6E0FEDCED6}.Release|Any CPU.ActiveCfg = Release|Any CPU
		{C93CCEBE-281C-4BB1-A53E-5D6E0FEDCED6}.Release|Any CPU.Build.0 = Release|Any CPU
		{8BFDA654-2F20-4A41-8B9A-03018D1838BC}.Debug|Any CPU.ActiveCfg = Debug|Any CPU
		{8BFDA654-2F20-4A41-8B9A-03018D1838BC}.Debug|Any CPU.Build.0 = Debug|Any CPU
		{8BFDA654-2F20-4A41-8B9A-03018D1838BC}.Release|Any CPU.ActiveCfg = Release|Any CPU
		{8BFDA654-2F20-4A41-8B9A-03018D1838BC}.Release|Any CPU.Build.0 = Release|Any CPU
		{D96F39A5-478D-474A-8BD6-981B2031966B}.Debug|Any CPU.ActiveCfg = Debug|Any CPU
		{D96F39A5-478D-474A-8BD6-981B2031966B}.Debug|Any CPU.Build.0 = Debug|Any CPU
		{D96F39A5-478D-474A-8BD6-981B2031966B}.Release|Any CPU.ActiveCfg = Release|Any CPU
		{D96F39A5-478D-474A-8BD6-981B2031966B}.Release|Any CPU.Build.0 = Release|Any CPU
	EndGlobalSection
	GlobalSection(SolutionProperties) = preSolution
		HideSolutionNode = FALSE
	EndGlobalSection
	GlobalSection(ExtensibilityGlobals) = postSolution
		SolutionGuid = {DCFF1AD2-B4B6-41CB-9592-9B9F196C6213}
	EndGlobalSection
EndGlobal
