
Microsoft Visual Studio Solution File, Format Version 12.00
# Visual Studio Version 16
VisualStudioVersion = 16.0.29411.108
MinimumVisualStudioVersion = 10.0.40219.1
Project("{FAE04EC0-301F-11D3-BF4B-00C04F79EFBC}") = "ConsoleApp1", "ConsoleApp1\ConsoleApp1.csproj", "{5CE33F25-9DA6-461B-848D-326A40806D2B}"
EndProject
Global
	GlobalSection(SolutionConfigurationPlatforms) = preSolution
		Debug|Any CPU = Debug|Any CPU
		Release|Any CPU = Release|Any CPU
	EndGlobalSection
	GlobalSection(ProjectConfigurationPlatforms) = postSolution
		{5CE33F25-9DA6-461B-848D-326A40806D2B}.Debug|Any CPU.ActiveCfg = Debug|Any CPU
		{5CE33F25-9DA6-461B-848D-326A40806D2B}.Debug|Any CPU.Build.0 = Debug|Any CPU
		{5CE33F25-9DA6-461B-848D-326A40806D2B}.Release|Any CPU.ActiveCfg = Release|Any CPU
		{5CE33F25-9DA6-461B-848D-326A40806D2B}.Release|Any CPU.Build.0 = Release|Any CPU
	EndGlobalSection
	GlobalSection(SolutionProperties) = preSolution
		HideSolutionNode = FALSE
	EndGlobalSection
	GlobalSection(ExtensibilityGlobals) = postSolution
		SolutionGuid = {86690532-0502-4B72-A787-BDDE3CABD3E6}
	EndGlobalSection
EndGlobal
