
Microsoft Visual Studio Solution File, Format Version 12.00
# Visual Studio Version 16
VisualStudioVersion = 16.0.29411.108
MinimumVisualStudioVersion = 10.0.40219.1
Project("{FAE04EC0-301F-11D3-BF4B-00C04F79EFBC}") = "name", "name\name.csproj", "{1F14078F-A5A6-4ECE-BC2A-8F2EE28FCCF0}"
EndProject
Global
	GlobalSection(SolutionConfigurationPlatforms) = preSolution
		Debug|Any CPU = Debug|Any CPU
		Release|Any CPU = Release|Any CPU
	EndGlobalSection
	GlobalSection(ProjectConfigurationPlatforms) = postSolution
		{1F14078F-A5A6-4ECE-BC2A-8F2EE28FCCF0}.Debug|Any CPU.ActiveCfg = Debug|Any CPU
		{1F14078F-A5A6-4ECE-BC2A-8F2EE28FCCF0}.Debug|Any CPU.Build.0 = Debug|Any CPU
		{1F14078F-A5A6-4ECE-BC2A-8F2EE28FCCF0}.Release|Any CPU.ActiveCfg = Release|Any CPU
		{1F14078F-A5A6-4ECE-BC2A-8F2EE28FCCF0}.Release|Any CPU.Build.0 = Release|Any CPU
	EndGlobalSection
	GlobalSection(SolutionProperties) = preSolution
		HideSolutionNode = FALSE
	EndGlobalSection
	GlobalSection(ExtensibilityGlobals) = postSolution
		SolutionGuid = {9A93C1D5-0079-43F9-832A-0B77B0B9C3D9}
	EndGlobalSection
EndGlobal
