
Microsoft Visual Studio Solution File, Format Version 12.00
# Visual Studio Version 16
VisualStudioVersion = 16.0.29424.173
MinimumVisualStudioVersion = 10.0.40219.1
Project("{FAE04EC0-301F-11D3-BF4B-00C04F79EFBC}") = "MariaAndNumbers", "MariaAndNumbers\MariaAndNumbers.csproj", "{5C7BF348-B005-416E-B642-A52A79F96E2E}"
EndProject
Global
	GlobalSection(SolutionConfigurationPlatforms) = preSolution
		Debug|Any CPU = Debug|Any CPU
		Release|Any CPU = Release|Any CPU
	EndGlobalSection
	GlobalSection(ProjectConfigurationPlatforms) = postSolution
		{5C7BF348-B005-416E-B642-A52A79F96E2E}.Debug|Any CPU.ActiveCfg = Debug|Any CPU
		{5C7BF348-B005-416E-B642-A52A79F96E2E}.Debug|Any CPU.Build.0 = Debug|Any CPU
		{5C7BF348-B005-416E-B642-A52A79F96E2E}.Release|Any CPU.ActiveCfg = Release|Any CPU
		{5C7BF348-B005-416E-B642-A52A79F96E2E}.Release|Any CPU.Build.0 = Release|Any CPU
	EndGlobalSection
	GlobalSection(SolutionProperties) = preSolution
		HideSolutionNode = FALSE
	EndGlobalSection
	GlobalSection(ExtensibilityGlobals) = postSolution
		SolutionGuid = {F54EFF38-055A-496C-A9E9-565960655D08}
	EndGlobalSection
EndGlobal
