
Microsoft Visual Studio Solution File, Format Version 12.00
# Visual Studio Version 16
VisualStudioVersion = 16.0.29424.173
MinimumVisualStudioVersion = 10.0.40219.1
Project("{FAE04EC0-301F-11D3-BF4B-00C04F79EFBC}") = "Square-area", "Square-area\Square-area.csproj", "{4D2BF5F9-491E-416B-BCD8-8D33246D663C}"
EndProject
Project("{FAE04EC0-301F-11D3-BF4B-00C04F79EFBC}") = "Inches-to-Cantimeters", "Inches-to-Cantimeters\Inches-to-Cantimeters.csproj", "{9C61C20E-FEC1-43B3-A3BB-898AC9FC0B13}"
EndProject
Project("{FAE04EC0-301F-11D3-BF4B-00C04F79EFBC}") = "Greetings", "Greetings\Greetings.csproj", "{530D4590-216C-42AF-8F97-5D5E7B8BBBCC}"
EndProject
Project("{FAE04EC0-301F-11D3-BF4B-00C04F79EFBC}") = "Concatenate-data", "Concatenate-data\Concatenate-data.csproj", "{CEF46A02-BB1E-45AD-8120-B869883074C4}"
EndProject
Project("{FAE04EC0-301F-11D3-BF4B-00C04F79EFBC}") = "Trapezoid-area", "Trapezoid-area\Trapezoid-area.csproj", "{911F0E00-CA21-4675-BB23-0D64DDECA7E7}"
EndProject
Global
	GlobalSection(SolutionConfigurationPlatforms) = preSolution
		Debug|Any CPU = Debug|Any CPU
		Release|Any CPU = Release|Any CPU
	EndGlobalSection
	GlobalSection(ProjectConfigurationPlatforms) = postSolution
		{4D2BF5F9-491E-416B-BCD8-8D33246D663C}.Debug|Any CPU.ActiveCfg = Debug|Any CPU
		{4D2BF5F9-491E-416B-BCD8-8D33246D663C}.Debug|Any CPU.Build.0 = Debug|Any CPU
		{4D2BF5F9-491E-416B-BCD8-8D33246D663C}.Release|Any CPU.ActiveCfg = Release|Any CPU
		{4D2BF5F9-491E-416B-BCD8-8D33246D663C}.Release|Any CPU.Build.0 = Release|Any CPU
		{9C61C20E-FEC1-43B3-A3BB-898AC9FC0B13}.Debug|Any CPU.ActiveCfg = Debug|Any CPU
		{9C61C20E-FEC1-43B3-A3BB-898AC9FC0B13}.Debug|Any CPU.Build.0 = Debug|Any CPU
		{9C61C20E-FEC1-43B3-A3BB-898AC9FC0B13}.Release|Any CPU.ActiveCfg = Release|Any CPU
		{9C61C20E-FEC1-43B3-A3BB-898AC9FC0B13}.Release|Any CPU.Build.0 = Release|Any CPU
		{530D4590-216C-42AF-8F97-5D5E7B8BBBCC}.Debug|Any CPU.ActiveCfg = Debug|Any CPU
		{530D4590-216C-42AF-8F97-5D5E7B8BBBCC}.Debug|Any CPU.Build.0 = Debug|Any CPU
		{530D4590-216C-42AF-8F97-5D5E7B8BBBCC}.Release|Any CPU.ActiveCfg = Release|Any CPU
		{530D4590-216C-42AF-8F97-5D5E7B8BBBCC}.Release|Any CPU.Build.0 = Release|Any CPU
		{CEF46A02-BB1E-45AD-8120-B869883074C4}.Debug|Any CPU.ActiveCfg = Debug|Any CPU
		{CEF46A02-BB1E-45AD-8120-B869883074C4}.Debug|Any CPU.Build.0 = Debug|Any CPU
		{CEF46A02-BB1E-45AD-8120-B869883074C4}.Release|Any CPU.ActiveCfg = Release|Any CPU
		{CEF46A02-BB1E-45AD-8120-B869883074C4}.Release|Any CPU.Build.0 = Release|Any CPU
		{911F0E00-CA21-4675-BB23-0D64DDECA7E7}.Debug|Any CPU.ActiveCfg = Debug|Any CPU
		{911F0E00-CA21-4675-BB23-0D64DDECA7E7}.Debug|Any CPU.Build.0 = Debug|Any CPU
		{911F0E00-CA21-4675-BB23-0D64DDECA7E7}.Release|Any CPU.ActiveCfg = Release|Any CPU
		{911F0E00-CA21-4675-BB23-0D64DDECA7E7}.Release|Any CPU.Build.0 = Release|Any CPU
	EndGlobalSection
	GlobalSection(SolutionProperties) = preSolution
		HideSolutionNode = FALSE
	EndGlobalSection
	GlobalSection(ExtensibilityGlobals) = postSolution
		SolutionGuid = {7E61204C-5535-40E6-9D5D-A01DBE8C0518}
	EndGlobalSection
EndGlobal
