
Microsoft Visual Studio Solution File, Format Version 12.00
# Visual Studio Version 16
VisualStudioVersion = 16.0.29411.108
MinimumVisualStudioVersion = 10.0.40219.1
Project("{FAE04EC0-301F-11D3-BF4B-00C04F79EFBC}") = "num", "num\num.csproj", "{D55956CF-2A06-4953-AFE4-18CAEFD859E4}"
EndProject
Global
	GlobalSection(SolutionConfigurationPlatforms) = preSolution
		Debug|Any CPU = Debug|Any CPU
		Release|Any CPU = Release|Any CPU
	EndGlobalSection
	GlobalSection(ProjectConfigurationPlatforms) = postSolution
		{D55956CF-2A06-4953-AFE4-18CAEFD859E4}.Debug|Any CPU.ActiveCfg = Debug|Any CPU
		{D55956CF-2A06-4953-AFE4-18CAEFD859E4}.Debug|Any CPU.Build.0 = Debug|Any CPU
		{D55956CF-2A06-4953-AFE4-18CAEFD859E4}.Release|Any CPU.ActiveCfg = Release|Any CPU
		{D55956CF-2A06-4953-AFE4-18CAEFD859E4}.Release|Any CPU.Build.0 = Release|Any CPU
	EndGlobalSection
	GlobalSection(SolutionProperties) = preSolution
		HideSolutionNode = FALSE
	EndGlobalSection
	GlobalSection(ExtensibilityGlobals) = postSolution
		SolutionGuid = {6F62035E-E36E-4825-B357-88A9ECC7B666}
	EndGlobalSection
EndGlobal
