
Microsoft Visual Studio Solution File, Format Version 12.00
# Visual Studio Version 16
VisualStudioVersion = 16.0.29411.108
MinimumVisualStudioVersion = 10.0.40219.1
Project("{FAE04EC0-301F-11D3-BF4B-00C04F79EFBC}") = "webapp", "webapp\webapp.csproj", "{472AB9F0-A276-4FBD-BC48-6BBFDFD9467F}"
EndProject
Global
	GlobalSection(SolutionConfigurationPlatforms) = preSolution
		Debug|Any CPU = Debug|Any CPU
		Release|Any CPU = Release|Any CPU
	EndGlobalSection
	GlobalSection(ProjectConfigurationPlatforms) = postSolution
		{472AB9F0-A276-4FBD-BC48-6BBFDFD9467F}.Debug|Any CPU.ActiveCfg = Debug|Any CPU
		{472AB9F0-A276-4FBD-BC48-6BBFDFD9467F}.Debug|Any CPU.Build.0 = Debug|Any CPU
		{472AB9F0-A276-4FBD-BC48-6BBFDFD9467F}.Release|Any CPU.ActiveCfg = Release|Any CPU
		{472AB9F0-A276-4FBD-BC48-6BBFDFD9467F}.Release|Any CPU.Build.0 = Release|Any CPU
	EndGlobalSection
	GlobalSection(SolutionProperties) = preSolution
		HideSolutionNode = FALSE
	EndGlobalSection
	GlobalSection(ExtensibilityGlobals) = postSolution
		SolutionGuid = {F7509C7F-9929-42AA-B685-E6BB7728AC4D}
	EndGlobalSection
EndGlobal
